
Microsoft Visual Studio Solution File, Format Version 12.00
# Visual Studio 14
VisualStudioVersion = 14.0.25123.0
MinimumVisualStudioVersion = 10.0.40219.1
Project("{FAE04EC0-301F-11D3-BF4B-00C04F79EFBC}") = "TrainService", "TrainService\TrainService.csproj", "{7D9328F0-22A5-4685-9E4A-9C3DEEEF6890}"
EndProject
Project("{FAE04EC0-301F-11D3-BF4B-00C04F79EFBC}") = "TrainService.Tests", "TrainService.Tests\TrainService.Tests.csproj", "{91A4CA70-5D2A-4329-BC3A-28C263A11807}"
EndProject
Global
	GlobalSection(SolutionConfigurationPlatforms) = preSolution
		Debug|Any CPU = Debug|Any CPU
		Release|Any CPU = Release|Any CPU
	EndGlobalSection
	GlobalSection(ProjectConfigurationPlatforms) = postSolution
		{7D9328F0-22A5-4685-9E4A-9C3DEEEF6890}.Debug|Any CPU.ActiveCfg = Debug|Any CPU
		{7D9328F0-22A5-4685-9E4A-9C3DEEEF6890}.Debug|Any CPU.Build.0 = Debug|Any CPU
		{7D9328F0-22A5-4685-9E4A-9C3DEEEF6890}.Release|Any CPU.ActiveCfg = Release|Any CPU
		{7D9328F0-22A5-4685-9E4A-9C3DEEEF6890}.Release|Any CPU.Build.0 = Release|Any CPU
		{91A4CA70-5D2A-4329-BC3A-28C263A11807}.Debug|Any CPU.ActiveCfg = Debug|Any CPU
		{91A4CA70-5D2A-4329-BC3A-28C263A11807}.Debug|Any CPU.Build.0 = Debug|Any CPU
		{91A4CA70-5D2A-4329-BC3A-28C263A11807}.Release|Any CPU.ActiveCfg = Release|Any CPU
		{91A4CA70-5D2A-4329-BC3A-28C263A11807}.Release|Any CPU.Build.0 = Release|Any CPU
	EndGlobalSection
	GlobalSection(SolutionProperties) = preSolution
		HideSolutionNode = FALSE
	EndGlobalSection
EndGlobal
